// !$*UTF8*$!
{
	archiveVersion = 1;
	classes = {
	};
	objectVersion = 50;
	objects = {

/* Begin PBXBuildFile section */
		48043BBF226D970F00EFD063 /* MSTRnLoaderMacros.h in Headers */ = {isa = PBXBuildFile; fileRef = 48043BBE226D970F00EFD063 /* MSTRnLoaderMacros.h */; settings = {ATTRIBUTES = (Public, ); }; };
		481207D2226EAAEA002F60FB /* MSTFileDownloaderError.h in Headers */ = {isa = PBXBuildFile; fileRef = 481207D0226EAAEA002F60FB /* MSTFileDownloaderError.h */; settings = {ATTRIBUTES = (Public, ); }; };
		481207D3226EAAEA002F60FB /* MSTFileDownloaderError.m in Sources */ = {isa = PBXBuildFile; fileRef = 481207D1226EAAEA002F60FB /* MSTFileDownloaderError.m */; };
		481207D5226ED9C8002F60FB /* MSTWebFileOperation.h in Headers */ = {isa = PBXBuildFile; fileRef = 481207D4226ED9C8002F60FB /* MSTWebFileOperation.h */; settings = {ATTRIBUTES = (Public, ); }; };
		481207D8226EF75E002F60FB /* RNListCell.m in Sources */ = {isa = PBXBuildFile; fileRef = 481207D7226EF75E002F60FB /* RNListCell.m */; };
		481207DB226F03F0002F60FB /* RNListModel.m in Sources */ = {isa = PBXBuildFile; fileRef = 481207DA226F03F0002F60FB /* RNListModel.m */; };
		48512E6F2266D09C003C0CAF /* PWPersistenceController.m in Sources */ = {isa = PBXBuildFile; fileRef = 48512E6D2266D09C003C0CAF /* PWPersistenceController.m */; };
		48512E702266D09C003C0CAF /* PWAPIController.m in Sources */ = {isa = PBXBuildFile; fileRef = 48512E6E2266D09C003C0CAF /* PWAPIController.m */; };
		48512E732266D1FD003C0CAF /* MSTAPI.m in Sources */ = {isa = PBXBuildFile; fileRef = 48512E722266D1FD003C0CAF /* MSTAPI.m */; };
		48512E762266D3FF003C0CAF /* NSString+Additions.m in Sources */ = {isa = PBXBuildFile; fileRef = 48512E752266D3FF003C0CAF /* NSString+Additions.m */; };
		48512E782266D4A5003C0CAF /* CoreGraphics.framework in Frameworks */ = {isa = PBXBuildFile; fileRef = 48512E772266D4A5003C0CAF /* CoreGraphics.framework */; };
		48512E7C22670A6F003C0CAF /* Model.xcdatamodeld in Sources */ = {isa = PBXBuildFile; fileRef = 48512E7A22670A6F003C0CAF /* Model.xcdatamodeld */; };
		4855AB122271799E00161669 /* MMALoadersManager.h in Headers */ = {isa = PBXBuildFile; fileRef = 4855AB102271799E00161669 /* MMALoadersManager.h */; settings = {ATTRIBUTES = (Public, ); }; };
		4855AB132271799E00161669 /* MMALoadersManager.m in Sources */ = {isa = PBXBuildFile; fileRef = 4855AB112271799E00161669 /* MMALoadersManager.m */; };
		4855AB1622717F0A00161669 /* MSTFileManager.h in Headers */ = {isa = PBXBuildFile; fileRef = 4855AB1422717F0A00161669 /* MSTFileManager.h */; settings = {ATTRIBUTES = (Public, ); }; };
		4855AB1722717F0A00161669 /* MSTFileManager.m in Sources */ = {isa = PBXBuildFile; fileRef = 4855AB1522717F0A00161669 /* MSTFileManager.m */; };
		4855AB1C22719D6600161669 /* bsdpatch.c in Sources */ = {isa = PBXBuildFile; fileRef = 4855AB1A22719D6600161669 /* bsdpatch.c */; };
		4855AB1D22719D6600161669 /* bsdpatch.h in Headers */ = {isa = PBXBuildFile; fileRef = 4855AB1B22719D6600161669 /* bsdpatch.h */; settings = {ATTRIBUTES = (Public, ); }; };
		4855AB2022719E5900161669 /* BSDIFF.h in Headers */ = {isa = PBXBuildFile; fileRef = 4855AB1E22719E5900161669 /* BSDIFF.h */; settings = {ATTRIBUTES = (Public, ); }; };
		4855AB2122719E5900161669 /* BSDIFF.m in Sources */ = {isa = PBXBuildFile; fileRef = 4855AB1F22719E5900161669 /* BSDIFF.m */; };
		4855AB222271AFA800161669 /* libbz2.tbd in Frameworks */ = {isa = PBXBuildFile; fileRef = 488FB5812265CEC100CF570C /* libbz2.tbd */; };
		4879A82E22696A79000E7412 /* ar_tagging_select@2x.png in Resources */ = {isa = PBXBuildFile; fileRef = 4879A82D22696A79000E7412 /* ar_tagging_select@2x.png */; };
		4879A83922698D47000E7412 /* MSTRnLoader.framework in Frameworks */ = {isa = PBXBuildFile; fileRef = 488FB5402265BD9100CF570C /* MSTRnLoader.framework */; };
		4879A83A22698D47000E7412 /* MSTRnLoader.framework in Embed Frameworks */ = {isa = PBXBuildFile; fileRef = 488FB5402265BD9100CF570C /* MSTRnLoader.framework */; settings = {ATTRIBUTES = (CodeSignOnCopy, RemoveHeadersOnCopy, ); }; };
		4879A8432269C686000E7412 /* MSTFileDownloader.h in Headers */ = {isa = PBXBuildFile; fileRef = 4879A8412269C686000E7412 /* MSTFileDownloader.h */; settings = {ATTRIBUTES = (Public, ); }; };
		4879A8442269C686000E7412 /* MSTFileDownloader.m in Sources */ = {isa = PBXBuildFile; fileRef = 4879A8422269C686000E7412 /* MSTFileDownloader.m */; };
		4879A8472269C8DE000E7412 /* MSTFileDownloaderConfig.h in Headers */ = {isa = PBXBuildFile; fileRef = 4879A8452269C8DE000E7412 /* MSTFileDownloaderConfig.h */; settings = {ATTRIBUTES = (Public, ); }; };
		4879A8482269C8DE000E7412 /* MSTFileDownloaderConfig.m in Sources */ = {isa = PBXBuildFile; fileRef = 4879A8462269C8DE000E7412 /* MSTFileDownloaderConfig.m */; };
		488CD725226D548C00A6C228 /* MSTFileDownloaderOperation.h in Headers */ = {isa = PBXBuildFile; fileRef = 488CD723226D548C00A6C228 /* MSTFileDownloaderOperation.h */; settings = {ATTRIBUTES = (Public, ); }; };
		488CD726226D548C00A6C228 /* MSTFileDownloaderOperation.m in Sources */ = {isa = PBXBuildFile; fileRef = 488CD724226D548C00A6C228 /* MSTFileDownloaderOperation.m */; };
		488CD729226D564600A6C228 /* MSTFileDownloadToken.h in Headers */ = {isa = PBXBuildFile; fileRef = 488CD727226D564600A6C228 /* MSTFileDownloadToken.h */; settings = {ATTRIBUTES = (Public, ); }; };
		488CD72A226D564600A6C228 /* MSTFileDownloadToken.m in Sources */ = {isa = PBXBuildFile; fileRef = 488CD728226D564600A6C228 /* MSTFileDownloadToken.m */; };
		488FB5532265BDF400CF570C /* AppDelegate.m in Sources */ = {isa = PBXBuildFile; fileRef = 488FB5522265BDF400CF570C /* AppDelegate.m */; };
		488FB5562265BDF400CF570C /* ViewController.m in Sources */ = {isa = PBXBuildFile; fileRef = 488FB5552265BDF400CF570C /* ViewController.m */; };
		488FB5592265BDF400CF570C /* Main.storyboard in Resources */ = {isa = PBXBuildFile; fileRef = 488FB5572265BDF400CF570C /* Main.storyboard */; };
		488FB55B2265BDF600CF570C /* Assets.xcassets in Resources */ = {isa = PBXBuildFile; fileRef = 488FB55A2265BDF600CF570C /* Assets.xcassets */; };
		488FB55E2265BDF600CF570C /* LaunchScreen.storyboard in Resources */ = {isa = PBXBuildFile; fileRef = 488FB55C2265BDF600CF570C /* LaunchScreen.storyboard */; };
		488FB5612265BDF600CF570C /* main.m in Sources */ = {isa = PBXBuildFile; fileRef = 488FB5602265BDF600CF570C /* main.m */; };
		6951CDDC4C4E50AE09804BB9 /* libPods-MSTRnLoader iOS Example.a in Frameworks */ = {isa = PBXBuildFile; fileRef = A65BA6880DD7E5DFF2E3D0E4 /* libPods-MSTRnLoader iOS Example.a */; };
		C51F094B6080E1272F91989F /* libPods-MSTRnLoader.a in Frameworks */ = {isa = PBXBuildFile; fileRef = CF6D3301797C53E018E25756 /* libPods-MSTRnLoader.a */; };
/* End PBXBuildFile section */

/* Begin PBXContainerItemProxy section */
		4879A83B22698D47000E7412 /* PBXContainerItemProxy */ = {
			isa = PBXContainerItemProxy;
			containerPortal = 488FB5372265BD9100CF570C /* Project object */;
			proxyType = 1;
			remoteGlobalIDString = 488FB53F2265BD9100CF570C;
			remoteInfo = MSTRnLoader;
		};
/* End PBXContainerItemProxy section */

/* Begin PBXCopyFilesBuildPhase section */
		4879A83D22698D47000E7412 /* Embed Frameworks */ = {
			isa = PBXCopyFilesBuildPhase;
			buildActionMask = 2147483647;
			dstPath = "";
			dstSubfolderSpec = 10;
			files = (
				4879A83A22698D47000E7412 /* MSTRnLoader.framework in Embed Frameworks */,
			);
			name = "Embed Frameworks";
			runOnlyForDeploymentPostprocessing = 0;
		};
/* End PBXCopyFilesBuildPhase section */

/* Begin PBXFileReference section */
		47E2110057908DAE2895DD30 /* Pods-MSTRnLoader.debug.xcconfig */ = {isa = PBXFileReference; includeInIndex = 1; lastKnownFileType = text.xcconfig; name = "Pods-MSTRnLoader.debug.xcconfig"; path = "Target Support Files/Pods-MSTRnLoader/Pods-MSTRnLoader.debug.xcconfig"; sourceTree = "<group>"; };
		48043BBE226D970F00EFD063 /* MSTRnLoaderMacros.h */ = {isa = PBXFileReference; lastKnownFileType = sourcecode.c.h; path = MSTRnLoaderMacros.h; sourceTree = "<group>"; };
		481207D0226EAAEA002F60FB /* MSTFileDownloaderError.h */ = {isa = PBXFileReference; lastKnownFileType = sourcecode.c.h; path = MSTFileDownloaderError.h; sourceTree = "<group>"; };
		481207D1226EAAEA002F60FB /* MSTFileDownloaderError.m */ = {isa = PBXFileReference; lastKnownFileType = sourcecode.c.objc; path = MSTFileDownloaderError.m; sourceTree = "<group>"; };
		481207D4226ED9C8002F60FB /* MSTWebFileOperation.h */ = {isa = PBXFileReference; lastKnownFileType = sourcecode.c.h; path = MSTWebFileOperation.h; sourceTree = "<group>"; };
		481207D6226EF75E002F60FB /* RNListCell.h */ = {isa = PBXFileReference; lastKnownFileType = sourcecode.c.h; path = RNListCell.h; sourceTree = "<group>"; };
		481207D7226EF75E002F60FB /* RNListCell.m */ = {isa = PBXFileReference; lastKnownFileType = sourcecode.c.objc; path = RNListCell.m; sourceTree = "<group>"; };
		481207D9226F03F0002F60FB /* RNListModel.h */ = {isa = PBXFileReference; lastKnownFileType = sourcecode.c.h; path = RNListModel.h; sourceTree = "<group>"; };
		481207DA226F03F0002F60FB /* RNListModel.m */ = {isa = PBXFileReference; lastKnownFileType = sourcecode.c.objc; path = RNListModel.m; sourceTree = "<group>"; };
		48512E6B2266D09C003C0CAF /* PWPersistenceController.h */ = {isa = PBXFileReference; fileEncoding = 4; lastKnownFileType = sourcecode.c.h; path = PWPersistenceController.h; sourceTree = "<group>"; };
		48512E6C2266D09C003C0CAF /* PWAPIController.h */ = {isa = PBXFileReference; fileEncoding = 4; lastKnownFileType = sourcecode.c.h; path = PWAPIController.h; sourceTree = "<group>"; };
		48512E6D2266D09C003C0CAF /* PWPersistenceController.m */ = {isa = PBXFileReference; fileEncoding = 4; lastKnownFileType = sourcecode.c.objc; path = PWPersistenceController.m; sourceTree = "<group>"; };
		48512E6E2266D09C003C0CAF /* PWAPIController.m */ = {isa = PBXFileReference; fileEncoding = 4; lastKnownFileType = sourcecode.c.objc; path = PWAPIController.m; sourceTree = "<group>"; };
		48512E712266D1FC003C0CAF /* MSTAPI.h */ = {isa = PBXFileReference; fileEncoding = 4; lastKnownFileType = sourcecode.c.h; path = MSTAPI.h; sourceTree = "<group>"; };
		48512E722266D1FD003C0CAF /* MSTAPI.m */ = {isa = PBXFileReference; fileEncoding = 4; lastKnownFileType = sourcecode.c.objc; path = MSTAPI.m; sourceTree = "<group>"; };
		48512E742266D3FE003C0CAF /* NSString+Additions.h */ = {isa = PBXFileReference; fileEncoding = 4; lastKnownFileType = sourcecode.c.h; path = "NSString+Additions.h"; sourceTree = "<group>"; };
		48512E752266D3FF003C0CAF /* NSString+Additions.m */ = {isa = PBXFileReference; fileEncoding = 4; lastKnownFileType = sourcecode.c.objc; path = "NSString+Additions.m"; sourceTree = "<group>"; };
		48512E772266D4A5003C0CAF /* CoreGraphics.framework */ = {isa = PBXFileReference; lastKnownFileType = wrapper.framework; name = CoreGraphics.framework; path = System/Library/Frameworks/CoreGraphics.framework; sourceTree = SDKROOT; };
		48512E7B22670A6F003C0CAF /* Model.xcdatamodel */ = {isa = PBXFileReference; lastKnownFileType = wrapper.xcdatamodel; path = Model.xcdatamodel; sourceTree = "<group>"; };
		4855AB102271799E00161669 /* MMALoadersManager.h */ = {isa = PBXFileReference; lastKnownFileType = sourcecode.c.h; path = MMALoadersManager.h; sourceTree = "<group>"; };
		4855AB112271799E00161669 /* MMALoadersManager.m */ = {isa = PBXFileReference; lastKnownFileType = sourcecode.c.objc; path = MMALoadersManager.m; sourceTree = "<group>"; };
		4855AB1422717F0A00161669 /* MSTFileManager.h */ = {isa = PBXFileReference; lastKnownFileType = sourcecode.c.h; path = MSTFileManager.h; sourceTree = "<group>"; };
		4855AB1522717F0A00161669 /* MSTFileManager.m */ = {isa = PBXFileReference; lastKnownFileType = sourcecode.c.objc; path = MSTFileManager.m; sourceTree = "<group>"; };
		4855AB1A22719D6600161669 /* bsdpatch.c */ = {isa = PBXFileReference; fileEncoding = 4; lastKnownFileType = sourcecode.c.c; path = bsdpatch.c; sourceTree = "<group>"; };
		4855AB1B22719D6600161669 /* bsdpatch.h */ = {isa = PBXFileReference; fileEncoding = 4; lastKnownFileType = sourcecode.c.h; path = bsdpatch.h; sourceTree = "<group>"; };
		4855AB1E22719E5900161669 /* BSDIFF.h */ = {isa = PBXFileReference; lastKnownFileType = sourcecode.c.h; path = BSDIFF.h; sourceTree = "<group>"; };
		4855AB1F22719E5900161669 /* BSDIFF.m */ = {isa = PBXFileReference; lastKnownFileType = sourcecode.c.objc; path = BSDIFF.m; sourceTree = "<group>"; };
		4879A82D22696A79000E7412 /* ar_tagging_select@2x.png */ = {isa = PBXFileReference; lastKnownFileType = image.png; path = "ar_tagging_select@2x.png"; sourceTree = "<group>"; };
		4879A8412269C686000E7412 /* MSTFileDownloader.h */ = {isa = PBXFileReference; lastKnownFileType = sourcecode.c.h; path = MSTFileDownloader.h; sourceTree = "<group>"; };
		4879A8422269C686000E7412 /* MSTFileDownloader.m */ = {isa = PBXFileReference; lastKnownFileType = sourcecode.c.objc; path = MSTFileDownloader.m; sourceTree = "<group>"; };
		4879A8452269C8DE000E7412 /* MSTFileDownloaderConfig.h */ = {isa = PBXFileReference; lastKnownFileType = sourcecode.c.h; path = MSTFileDownloaderConfig.h; sourceTree = "<group>"; };
		4879A8462269C8DE000E7412 /* MSTFileDownloaderConfig.m */ = {isa = PBXFileReference; lastKnownFileType = sourcecode.c.objc; path = MSTFileDownloaderConfig.m; sourceTree = "<group>"; };
		488CD723226D548C00A6C228 /* MSTFileDownloaderOperation.h */ = {isa = PBXFileReference; lastKnownFileType = sourcecode.c.h; path = MSTFileDownloaderOperation.h; sourceTree = "<group>"; };
		488CD724226D548C00A6C228 /* MSTFileDownloaderOperation.m */ = {isa = PBXFileReference; lastKnownFileType = sourcecode.c.objc; path = MSTFileDownloaderOperation.m; sourceTree = "<group>"; };
		488CD727226D564600A6C228 /* MSTFileDownloadToken.h */ = {isa = PBXFileReference; lastKnownFileType = sourcecode.c.h; path = MSTFileDownloadToken.h; sourceTree = "<group>"; };
		488CD728226D564600A6C228 /* MSTFileDownloadToken.m */ = {isa = PBXFileReference; lastKnownFileType = sourcecode.c.objc; path = MSTFileDownloadToken.m; sourceTree = "<group>"; };
		488FB5402265BD9100CF570C /* MSTRnLoader.framework */ = {isa = PBXFileReference; explicitFileType = wrapper.framework; includeInIndex = 0; path = MSTRnLoader.framework; sourceTree = BUILT_PRODUCTS_DIR; };
		488FB5442265BD9100CF570C /* Info.plist */ = {isa = PBXFileReference; lastKnownFileType = text.plist.xml; path = Info.plist; sourceTree = "<group>"; };
		488FB54F2265BDF400CF570C /* MSTRnLoader iOS Example.app */ = {isa = PBXFileReference; explicitFileType = wrapper.application; includeInIndex = 0; path = "MSTRnLoader iOS Example.app"; sourceTree = BUILT_PRODUCTS_DIR; };
		488FB5512265BDF400CF570C /* AppDelegate.h */ = {isa = PBXFileReference; lastKnownFileType = sourcecode.c.h; path = AppDelegate.h; sourceTree = "<group>"; };
		488FB5522265BDF400CF570C /* AppDelegate.m */ = {isa = PBXFileReference; lastKnownFileType = sourcecode.c.objc; path = AppDelegate.m; sourceTree = "<group>"; };
		488FB5542265BDF400CF570C /* ViewController.h */ = {isa = PBXFileReference; lastKnownFileType = sourcecode.c.h; path = ViewController.h; sourceTree = "<group>"; };
		488FB5552265BDF400CF570C /* ViewController.m */ = {isa = PBXFileReference; lastKnownFileType = sourcecode.c.objc; path = ViewController.m; sourceTree = "<group>"; };
		488FB5582265BDF400CF570C /* Base */ = {isa = PBXFileReference; lastKnownFileType = file.storyboard; name = Base; path = Base.lproj/Main.storyboard; sourceTree = "<group>"; };
		488FB55A2265BDF600CF570C /* Assets.xcassets */ = {isa = PBXFileReference; lastKnownFileType = folder.assetcatalog; path = Assets.xcassets; sourceTree = "<group>"; };
		488FB55D2265BDF600CF570C /* Base */ = {isa = PBXFileReference; lastKnownFileType = file.storyboard; name = Base; path = Base.lproj/LaunchScreen.storyboard; sourceTree = "<group>"; };
		488FB55F2265BDF600CF570C /* Info.plist */ = {isa = PBXFileReference; lastKnownFileType = text.plist.xml; path = Info.plist; sourceTree = "<group>"; };
		488FB5602265BDF600CF570C /* main.m */ = {isa = PBXFileReference; lastKnownFileType = sourcecode.c.objc; path = main.m; sourceTree = "<group>"; };
		488FB5812265CEC100CF570C /* libbz2.tbd */ = {isa = PBXFileReference; lastKnownFileType = "sourcecode.text-based-dylib-definition"; name = libbz2.tbd; path = usr/lib/libbz2.tbd; sourceTree = SDKROOT; };
		A65BA6880DD7E5DFF2E3D0E4 /* libPods-MSTRnLoader iOS Example.a */ = {isa = PBXFileReference; explicitFileType = archive.ar; includeInIndex = 0; path = "libPods-MSTRnLoader iOS Example.a"; sourceTree = BUILT_PRODUCTS_DIR; };
		AA882D64B1A21299528CAFCD /* Pods-MSTRnLoader iOS Example.debug.xcconfig */ = {isa = PBXFileReference; includeInIndex = 1; lastKnownFileType = text.xcconfig; name = "Pods-MSTRnLoader iOS Example.debug.xcconfig"; path = "Target Support Files/Pods-MSTRnLoader iOS Example/Pods-MSTRnLoader iOS Example.debug.xcconfig"; sourceTree = "<group>"; };
		CF6D3301797C53E018E25756 /* libPods-MSTRnLoader.a */ = {isa = PBXFileReference; explicitFileType = archive.ar; includeInIndex = 0; path = "libPods-MSTRnLoader.a"; sourceTree = BUILT_PRODUCTS_DIR; };
		EC8204AF7303DE81FBDA7C29 /* Pods-MSTRnLoader.release.xcconfig */ = {isa = PBXFileReference; includeInIndex = 1; lastKnownFileType = text.xcconfig; name = "Pods-MSTRnLoader.release.xcconfig"; path = "Target Support Files/Pods-MSTRnLoader/Pods-MSTRnLoader.release.xcconfig"; sourceTree = "<group>"; };
		FC46E70C71F6C103492F32DE /* Pods-MSTRnLoader iOS Example.release.xcconfig */ = {isa = PBXFileReference; includeInIndex = 1; lastKnownFileType = text.xcconfig; name = "Pods-MSTRnLoader iOS Example.release.xcconfig"; path = "Target Support Files/Pods-MSTRnLoader iOS Example/Pods-MSTRnLoader iOS Example.release.xcconfig"; sourceTree = "<group>"; };
/* End PBXFileReference section */

/* Begin PBXFrameworksBuildPhase section */
		488FB53D2265BD9100CF570C /* Frameworks */ = {
			isa = PBXFrameworksBuildPhase;
			buildActionMask = 2147483647;
			files = (
				4855AB222271AFA800161669 /* libbz2.tbd in Frameworks */,
				C51F094B6080E1272F91989F /* libPods-MSTRnLoader.a in Frameworks */,
			);
			runOnlyForDeploymentPostprocessing = 0;
		};
		488FB54C2265BDF400CF570C /* Frameworks */ = {
			isa = PBXFrameworksBuildPhase;
			buildActionMask = 2147483647;
			files = (
				48512E782266D4A5003C0CAF /* CoreGraphics.framework in Frameworks */,
				6951CDDC4C4E50AE09804BB9 /* libPods-MSTRnLoader iOS Example.a in Frameworks */,
				4879A83922698D47000E7412 /* MSTRnLoader.framework in Frameworks */,
			);
			runOnlyForDeploymentPostprocessing = 0;
		};
/* End PBXFrameworksBuildPhase section */

/* Begin PBXGroup section */
		4855AB1922719D0500161669 /* BSDIFF */ = {
			isa = PBXGroup;
			children = (
				4855AB1A22719D6600161669 /* bsdpatch.c */,
				4855AB1B22719D6600161669 /* bsdpatch.h */,
				4855AB1E22719E5900161669 /* BSDIFF.h */,
				4855AB1F22719E5900161669 /* BSDIFF.m */,
			);
			path = BSDIFF;
			sourceTree = "<group>";
		};
		488FB5362265BD9100CF570C = {
			isa = PBXGroup;
			children = (
				488FB5422265BD9100CF570C /* Sources */,
				488FB5502265BDF400CF570C /* MSTRnLoader iOS Example */,
				488FB5412265BD9100CF570C /* Products */,
				498ECBEC19A0B4AB9327BC41 /* Pods */,
				8935A58271F6B785779152A3 /* Frameworks */,
			);
			sourceTree = "<group>";
		};
		488FB5412265BD9100CF570C /* Products */ = {
			isa = PBXGroup;
			children = (
				488FB5402265BD9100CF570C /* MSTRnLoader.framework */,
				488FB54F2265BDF400CF570C /* MSTRnLoader iOS Example.app */,
			);
			name = Products;
			sourceTree = "<group>";
		};
		488FB5422265BD9100CF570C /* Sources */ = {
			isa = PBXGroup;
			children = (
				4855AB102271799E00161669 /* MMALoadersManager.h */,
				4855AB112271799E00161669 /* MMALoadersManager.m */,
				4879A8412269C686000E7412 /* MSTFileDownloader.h */,
				4879A8422269C686000E7412 /* MSTFileDownloader.m */,
				4879A8452269C8DE000E7412 /* MSTFileDownloaderConfig.h */,
				4879A8462269C8DE000E7412 /* MSTFileDownloaderConfig.m */,
				488CD723226D548C00A6C228 /* MSTFileDownloaderOperation.h */,
				488CD724226D548C00A6C228 /* MSTFileDownloaderOperation.m */,
				481207D4226ED9C8002F60FB /* MSTWebFileOperation.h */,
				488CD727226D564600A6C228 /* MSTFileDownloadToken.h */,
				488CD728226D564600A6C228 /* MSTFileDownloadToken.m */,
				48043BBE226D970F00EFD063 /* MSTRnLoaderMacros.h */,
				481207D0226EAAEA002F60FB /* MSTFileDownloaderError.h */,
				481207D1226EAAEA002F60FB /* MSTFileDownloaderError.m */,
				4855AB1422717F0A00161669 /* MSTFileManager.h */,
				4855AB1522717F0A00161669 /* MSTFileManager.m */,
				4855AB1922719D0500161669 /* BSDIFF */,
				488FB5442265BD9100CF570C /* Info.plist */,
			);
			path = Sources;
			sourceTree = "<group>";
		};
		488FB5502265BDF400CF570C /* MSTRnLoader iOS Example */ = {
			isa = PBXGroup;
			children = (
				488FB5512265BDF400CF570C /* AppDelegate.h */,
				488FB5522265BDF400CF570C /* AppDelegate.m */,
				488FB5542265BDF400CF570C /* ViewController.h */,
				488FB5552265BDF400CF570C /* ViewController.m */,
				48512E6C2266D09C003C0CAF /* PWAPIController.h */,
				48512E6E2266D09C003C0CAF /* PWAPIController.m */,
				481207D6226EF75E002F60FB /* RNListCell.h */,
				481207D7226EF75E002F60FB /* RNListCell.m */,
				48512E6B2266D09C003C0CAF /* PWPersistenceController.h */,
				48512E6D2266D09C003C0CAF /* PWPersistenceController.m */,
				481207D9226F03F0002F60FB /* RNListModel.h */,
				481207DA226F03F0002F60FB /* RNListModel.m */,
				48512E7A22670A6F003C0CAF /* Model.xcdatamodeld */,
				48512E712266D1FC003C0CAF /* MSTAPI.h */,
				48512E722266D1FD003C0CAF /* MSTAPI.m */,
				48512E742266D3FE003C0CAF /* NSString+Additions.h */,
				4879A82D22696A79000E7412 /* ar_tagging_select@2x.png */,
				48512E752266D3FF003C0CAF /* NSString+Additions.m */,
				488FB5572265BDF400CF570C /* Main.storyboard */,
				488FB55A2265BDF600CF570C /* Assets.xcassets */,
				488FB55C2265BDF600CF570C /* LaunchScreen.storyboard */,
				488FB55F2265BDF600CF570C /* Info.plist */,
				488FB5602265BDF600CF570C /* main.m */,
			);
			path = "MSTRnLoader iOS Example";
			sourceTree = "<group>";
		};
		498ECBEC19A0B4AB9327BC41 /* Pods */ = {
			isa = PBXGroup;
			children = (
				47E2110057908DAE2895DD30 /* Pods-MSTRnLoader.debug.xcconfig */,
				EC8204AF7303DE81FBDA7C29 /* Pods-MSTRnLoader.release.xcconfig */,
				AA882D64B1A21299528CAFCD /* Pods-MSTRnLoader iOS Example.debug.xcconfig */,
				FC46E70C71F6C103492F32DE /* Pods-MSTRnLoader iOS Example.release.xcconfig */,
			);
			path = Pods;
			sourceTree = "<group>";
		};
		8935A58271F6B785779152A3 /* Frameworks */ = {
			isa = PBXGroup;
			children = (
				48512E772266D4A5003C0CAF /* CoreGraphics.framework */,
				488FB5812265CEC100CF570C /* libbz2.tbd */,
				CF6D3301797C53E018E25756 /* libPods-MSTRnLoader.a */,
				A65BA6880DD7E5DFF2E3D0E4 /* libPods-MSTRnLoader iOS Example.a */,
			);
			name = Frameworks;
			sourceTree = "<group>";
		};
/* End PBXGroup section */

/* Begin PBXHeadersBuildPhase section */
		488FB53B2265BD9100CF570C /* Headers */ = {
			isa = PBXHeadersBuildPhase;
			buildActionMask = 2147483647;
			files = (
				4879A8472269C8DE000E7412 /* MSTFileDownloaderConfig.h in Headers */,
				4879A8432269C686000E7412 /* MSTFileDownloader.h in Headers */,
				488CD725226D548C00A6C228 /* MSTFileDownloaderOperation.h in Headers */,
				481207D2226EAAEA002F60FB /* MSTFileDownloaderError.h in Headers */,
				488CD729226D564600A6C228 /* MSTFileDownloadToken.h in Headers */,
				481207D5226ED9C8002F60FB /* MSTWebFileOperation.h in Headers */,
				4855AB1622717F0A00161669 /* MSTFileManager.h in Headers */,
				4855AB122271799E00161669 /* MMALoadersManager.h in Headers */,
				4855AB2022719E5900161669 /* BSDIFF.h in Headers */,
				4855AB1D22719D6600161669 /* bsdpatch.h in Headers */,
				48043BBF226D970F00EFD063 /* MSTRnLoaderMacros.h in Headers */,
			);
			runOnlyForDeploymentPostprocessing = 0;
		};
/* End PBXHeadersBuildPhase section */

/* Begin PBXNativeTarget section */
		488FB53F2265BD9100CF570C /* MSTRnLoader */ = {
			isa = PBXNativeTarget;
			buildConfigurationList = 488FB5482265BD9100CF570C /* Build configuration list for PBXNativeTarget "MSTRnLoader" */;
			buildPhases = (
				D7AE7B715AFD8953EA9A2843 /* [CP] Check Pods Manifest.lock */,
				488FB53B2265BD9100CF570C /* Headers */,
				488FB53C2265BD9100CF570C /* Sources */,
				488FB53D2265BD9100CF570C /* Frameworks */,
				488FB53E2265BD9100CF570C /* Resources */,
				CE0AF2AD967E54DF9F674D8A /* [CP] Copy Pods Resources */,
			);
			buildRules = (
			);
			dependencies = (
			);
			name = MSTRnLoader;
			productName = MSTRnLoader;
			productReference = 488FB5402265BD9100CF570C /* MSTRnLoader.framework */;
			productType = "com.apple.product-type.framework";
		};
		488FB54E2265BDF400CF570C /* MSTRnLoader iOS Example */ = {
			isa = PBXNativeTarget;
			buildConfigurationList = 488FB5622265BDF600CF570C /* Build configuration list for PBXNativeTarget "MSTRnLoader iOS Example" */;
			buildPhases = (
				A7D5244EF8204B32B3EEE037 /* [CP] Check Pods Manifest.lock */,
				488FB54B2265BDF400CF570C /* Sources */,
				488FB54C2265BDF400CF570C /* Frameworks */,
				488FB54D2265BDF400CF570C /* Resources */,
				4879A83D22698D47000E7412 /* Embed Frameworks */,
				D8DA215FC2B1D6D71C2A50D9 /* [CP] Copy Pods Resources */,
			);
			buildRules = (
			);
			dependencies = (
				4879A83C22698D47000E7412 /* PBXTargetDependency */,
			);
			name = "MSTRnLoader iOS Example";
			productName = "MSTRnLoader iOS Example";
			productReference = 488FB54F2265BDF400CF570C /* MSTRnLoader iOS Example.app */;
			productType = "com.apple.product-type.application";
		};
/* End PBXNativeTarget section */

/* Begin PBXProject section */
		488FB5372265BD9100CF570C /* Project object */ = {
			isa = PBXProject;
			attributes = {
				LastUpgradeCheck = 1020;
				ORGANIZATIONNAME = puwang;
				TargetAttributes = {
					488FB53F2265BD9100CF570C = {
						CreatedOnToolsVersion = 10.2;
					};
					488FB54E2265BDF400CF570C = {
						CreatedOnToolsVersion = 10.2;
					};
				};
			};
			buildConfigurationList = 488FB53A2265BD9100CF570C /* Build configuration list for PBXProject "MSTRnLoader" */;
			compatibilityVersion = "Xcode 9.3";
			developmentRegion = en;
			hasScannedForEncodings = 0;
			knownRegions = (
				en,
				Base,
			);
			mainGroup = 488FB5362265BD9100CF570C;
			productRefGroup = 488FB5412265BD9100CF570C /* Products */;
			projectDirPath = "";
			projectRoot = "";
			targets = (
				488FB53F2265BD9100CF570C /* MSTRnLoader */,
				488FB54E2265BDF400CF570C /* MSTRnLoader iOS Example */,
			);
		};
/* End PBXProject section */

/* Begin PBXResourcesBuildPhase section */
		488FB53E2265BD9100CF570C /* Resources */ = {
			isa = PBXResourcesBuildPhase;
			buildActionMask = 2147483647;
			files = (
			);
			runOnlyForDeploymentPostprocessing = 0;
		};
		488FB54D2265BDF400CF570C /* Resources */ = {
			isa = PBXResourcesBuildPhase;
			buildActionMask = 2147483647;
			files = (
				488FB55E2265BDF600CF570C /* LaunchScreen.storyboard in Resources */,
				488FB55B2265BDF600CF570C /* Assets.xcassets in Resources */,
				488FB5592265BDF400CF570C /* Main.storyboard in Resources */,
				4879A82E22696A79000E7412 /* ar_tagging_select@2x.png in Resources */,
			);
			runOnlyForDeploymentPostprocessing = 0;
		};
/* End PBXResourcesBuildPhase section */

/* Begin PBXShellScriptBuildPhase section */
		A7D5244EF8204B32B3EEE037 /* [CP] Check Pods Manifest.lock */ = {
			isa = PBXShellScriptBuildPhase;
			buildActionMask = 2147483647;
			files = (
			);
			inputFileListPaths = (
			);
			inputPaths = (
				"${PODS_PODFILE_DIR_PATH}/Podfile.lock",
				"${PODS_ROOT}/Manifest.lock",
			);
			name = "[CP] Check Pods Manifest.lock";
			outputFileListPaths = (
			);
			outputPaths = (
				"$(DERIVED_FILE_DIR)/Pods-MSTRnLoader iOS Example-checkManifestLockResult.txt",
			);
			runOnlyForDeploymentPostprocessing = 0;
			shellPath = /bin/sh;
			shellScript = "diff \"${PODS_PODFILE_DIR_PATH}/Podfile.lock\" \"${PODS_ROOT}/Manifest.lock\" > /dev/null\nif [ $? != 0 ] ; then\n    # print error to STDERR\n    echo \"error: The sandbox is not in sync with the Podfile.lock. Run 'pod install' or update your CocoaPods installation.\" >&2\n    exit 1\nfi\n# This output is used by Xcode 'outputs' to avoid re-running this script phase.\necho \"SUCCESS\" > \"${SCRIPT_OUTPUT_FILE_0}\"\n";
			showEnvVarsInLog = 0;
		};
		CE0AF2AD967E54DF9F674D8A /* [CP] Copy Pods Resources */ = {
			isa = PBXShellScriptBuildPhase;
			buildActionMask = 2147483647;
			files = (
			);
			inputFileListPaths = (
				"${PODS_ROOT}/Target Support Files/Pods-MSTRnLoader/Pods-MSTRnLoader-resources-${CONFIGURATION}-input-files.xcfilelist",
			);
			name = "[CP] Copy Pods Resources";
			outputFileListPaths = (
				"${PODS_ROOT}/Target Support Files/Pods-MSTRnLoader/Pods-MSTRnLoader-resources-${CONFIGURATION}-output-files.xcfilelist",
			);
			runOnlyForDeploymentPostprocessing = 0;
			shellPath = /bin/sh;
			shellScript = "\"${PODS_ROOT}/Target Support Files/Pods-MSTRnLoader/Pods-MSTRnLoader-resources.sh\"\n";
			showEnvVarsInLog = 0;
		};
		D7AE7B715AFD8953EA9A2843 /* [CP] Check Pods Manifest.lock */ = {
			isa = PBXShellScriptBuildPhase;
			buildActionMask = 2147483647;
			files = (
			);
			inputFileListPaths = (
			);
			inputPaths = (
				"${PODS_PODFILE_DIR_PATH}/Podfile.lock",
				"${PODS_ROOT}/Manifest.lock",
			);
			name = "[CP] Check Pods Manifest.lock";
			outputFileListPaths = (
			);
			outputPaths = (
				"$(DERIVED_FILE_DIR)/Pods-MSTRnLoader-checkManifestLockResult.txt",
			);
			runOnlyForDeploymentPostprocessing = 0;
			shellPath = /bin/sh;
			shellScript = "diff \"${PODS_PODFILE_DIR_PATH}/Podfile.lock\" \"${PODS_ROOT}/Manifest.lock\" > /dev/null\nif [ $? != 0 ] ; then\n    # print error to STDERR\n    echo \"error: The sandbox is not in sync with the Podfile.lock. Run 'pod install' or update your CocoaPods installation.\" >&2\n    exit 1\nfi\n# This output is used by Xcode 'outputs' to avoid re-running this script phase.\necho \"SUCCESS\" > \"${SCRIPT_OUTPUT_FILE_0}\"\n";
			showEnvVarsInLog = 0;
		};
		D8DA215FC2B1D6D71C2A50D9 /* [CP] Copy Pods Resources */ = {
			isa = PBXShellScriptBuildPhase;
			buildActionMask = 2147483647;
			files = (
			);
			inputFileListPaths = (
				"${PODS_ROOT}/Target Support Files/Pods-MSTRnLoader iOS Example/Pods-MSTRnLoader iOS Example-resources-${CONFIGURATION}-input-files.xcfilelist",
			);
			name = "[CP] Copy Pods Resources";
			outputFileListPaths = (
				"${PODS_ROOT}/Target Support Files/Pods-MSTRnLoader iOS Example/Pods-MSTRnLoader iOS Example-resources-${CONFIGURATION}-output-files.xcfilelist",
			);
			runOnlyForDeploymentPostprocessing = 0;
			shellPath = /bin/sh;
			shellScript = "\"${PODS_ROOT}/Target Support Files/Pods-MSTRnLoader iOS Example/Pods-MSTRnLoader iOS Example-resources.sh\"\n";
			showEnvVarsInLog = 0;
		};
/* End PBXShellScriptBuildPhase section */

/* Begin PBXSourcesBuildPhase section */
		488FB53C2265BD9100CF570C /* Sources */ = {
			isa = PBXSourcesBuildPhase;
			buildActionMask = 2147483647;
			files = (
				481207D3226EAAEA002F60FB /* MSTFileDownloaderError.m in Sources */,
				488CD72A226D564600A6C228 /* MSTFileDownloadToken.m in Sources */,
				4879A8482269C8DE000E7412 /* MSTFileDownloaderConfig.m in Sources */,
				4879A8442269C686000E7412 /* MSTFileDownloader.m in Sources */,
				4855AB2122719E5900161669 /* BSDIFF.m in Sources */,
				4855AB132271799E00161669 /* MMALoadersManager.m in Sources */,
				488CD726226D548C00A6C228 /* MSTFileDownloaderOperation.m in Sources */,
				4855AB1722717F0A00161669 /* MSTFileManager.m in Sources */,
				4855AB1C22719D6600161669 /* bsdpatch.c in Sources */,
			);
			runOnlyForDeploymentPostprocessing = 0;
		};
		488FB54B2265BDF400CF570C /* Sources */ = {
			isa = PBXSourcesBuildPhase;
			buildActionMask = 2147483647;
			files = (
				48512E762266D3FF003C0CAF /* NSString+Additions.m in Sources */,
				48512E6F2266D09C003C0CAF /* PWPersistenceController.m in Sources */,
				488FB5562265BDF400CF570C /* ViewController.m in Sources */,
				481207D8226EF75E002F60FB /* RNListCell.m in Sources */,
				48512E7C22670A6F003C0CAF /* Model.xcdatamodeld in Sources */,
				481207DB226F03F0002F60FB /* RNListModel.m in Sources */,
				48512E702266D09C003C0CAF /* PWAPIController.m in Sources */,
				48512E732266D1FD003C0CAF /* MSTAPI.m in Sources */,
				488FB5612265BDF600CF570C /* main.m in Sources */,
				488FB5532265BDF400CF570C /* AppDelegate.m in Sources */,
			);
			runOnlyForDeploymentPostprocessing = 0;
		};
/* End PBXSourcesBuildPhase section */

/* Begin PBXTargetDependency section */
		4879A83C22698D47000E7412 /* PBXTargetDependency */ = {
			isa = PBXTargetDependency;
			target = 488FB53F2265BD9100CF570C /* MSTRnLoader */;
			targetProxy = 4879A83B22698D47000E7412 /* PBXContainerItemProxy */;
		};
/* End PBXTargetDependency section */

/* Begin PBXVariantGroup section */
		488FB5572265BDF400CF570C /* Main.storyboard */ = {
			isa = PBXVariantGroup;
			children = (
				488FB5582265BDF400CF570C /* Base */,
			);
			name = Main.storyboard;
			sourceTree = "<group>";
		};
		488FB55C2265BDF600CF570C /* LaunchScreen.storyboard */ = {
			isa = PBXVariantGroup;
			children = (
				488FB55D2265BDF600CF570C /* Base */,
			);
			name = LaunchScreen.storyboard;
			sourceTree = "<group>";
		};
/* End PBXVariantGroup section */

/* Begin XCBuildConfiguration section */
		488FB5462265BD9100CF570C /* Debug */ = {
			isa = XCBuildConfiguration;
			buildSettings = {
				ALWAYS_SEARCH_USER_PATHS = NO;
				CLANG_ANALYZER_NONNULL = YES;
				CLANG_ANALYZER_NUMBER_OBJECT_CONVERSION = YES_AGGRESSIVE;
				CLANG_CXX_LANGUAGE_STANDARD = "gnu++14";
				CLANG_CXX_LIBRARY = "libc++";
				CLANG_ENABLE_MODULES = YES;
				CLANG_ENABLE_OBJC_ARC = YES;
				CLANG_ENABLE_OBJC_WEAK = YES;
				CLANG_WARN_BLOCK_CAPTURE_AUTORELEASING = YES;
				CLANG_WARN_BOOL_CONVERSION = YES;
				CLANG_WARN_COMMA = YES;
				CLANG_WARN_CONSTANT_CONVERSION = YES;
				CLANG_WARN_DEPRECATED_OBJC_IMPLEMENTATIONS = YES;
				CLANG_WARN_DIRECT_OBJC_ISA_USAGE = YES_ERROR;
				CLANG_WARN_DOCUMENTATION_COMMENTS = YES;
				CLANG_WARN_EMPTY_BODY = YES;
				CLANG_WARN_ENUM_CONVERSION = YES;
				CLANG_WARN_INFINITE_RECURSION = YES;
				CLANG_WARN_INT_CONVERSION = YES;
				CLANG_WARN_NON_LITERAL_NULL_CONVERSION = YES;
				CLANG_WARN_OBJC_IMPLICIT_RETAIN_SELF = YES;
				CLANG_WARN_OBJC_LITERAL_CONVERSION = YES;
				CLANG_WARN_OBJC_ROOT_CLASS = YES_ERROR;
				CLANG_WARN_RANGE_LOOP_ANALYSIS = YES;
				CLANG_WARN_STRICT_PROTOTYPES = YES;
				CLANG_WARN_SUSPICIOUS_MOVE = YES;
				CLANG_WARN_UNGUARDED_AVAILABILITY = YES_AGGRESSIVE;
				CLANG_WARN_UNREACHABLE_CODE = YES;
				CLANG_WARN__DUPLICATE_METHOD_MATCH = YES;
				CODE_SIGN_IDENTITY = "iPhone Developer";
				COPY_PHASE_STRIP = NO;
				CURRENT_PROJECT_VERSION = 1;
				DEBUG_INFORMATION_FORMAT = dwarf;
				ENABLE_STRICT_OBJC_MSGSEND = YES;
				ENABLE_TESTABILITY = YES;
				GCC_C_LANGUAGE_STANDARD = gnu11;
				GCC_DYNAMIC_NO_PIC = NO;
				GCC_NO_COMMON_BLOCKS = YES;
				GCC_OPTIMIZATION_LEVEL = 0;
				GCC_PREPROCESSOR_DEFINITIONS = (
					"DEBUG=1",
					"$(inherited)",
				);
				GCC_WARN_64_TO_32_BIT_CONVERSION = YES;
				GCC_WARN_ABOUT_RETURN_TYPE = YES_ERROR;
				GCC_WARN_UNDECLARED_SELECTOR = YES;
				GCC_WARN_UNINITIALIZED_AUTOS = YES_AGGRESSIVE;
				GCC_WARN_UNUSED_FUNCTION = YES;
				GCC_WARN_UNUSED_VARIABLE = YES;
				IPHONEOS_DEPLOYMENT_TARGET = 12.2;
				MTL_ENABLE_DEBUG_INFO = INCLUDE_SOURCE;
				MTL_FAST_MATH = YES;
				ONLY_ACTIVE_ARCH = YES;
				SDKROOT = iphoneos;
				VERSIONING_SYSTEM = "apple-generic";
				VERSION_INFO_PREFIX = "";
			};
			name = Debug;
		};
		488FB5472265BD9100CF570C /* Release */ = {
			isa = XCBuildConfiguration;
			buildSettings = {
				ALWAYS_SEARCH_USER_PATHS = NO;
				CLANG_ANALYZER_NONNULL = YES;
				CLANG_ANALYZER_NUMBER_OBJECT_CONVERSION = YES_AGGRESSIVE;
				CLANG_CXX_LANGUAGE_STANDARD = "gnu++14";
				CLANG_CXX_LIBRARY = "libc++";
				CLANG_ENABLE_MODULES = YES;
				CLANG_ENABLE_OBJC_ARC = YES;
				CLANG_ENABLE_OBJC_WEAK = YES;
				CLANG_WARN_BLOCK_CAPTURE_AUTORELEASING = YES;
				CLANG_WARN_BOOL_CONVERSION = YES;
				CLANG_WARN_COMMA = YES;
				CLANG_WARN_CONSTANT_CONVERSION = YES;
				CLANG_WARN_DEPRECATED_OBJC_IMPLEMENTATIONS = YES;
				CLANG_WARN_DIRECT_OBJC_ISA_USAGE = YES_ERROR;
				CLANG_WARN_DOCUMENTATION_COMMENTS = YES;
				CLANG_WARN_EMPTY_BODY = YES;
				CLANG_WARN_ENUM_CONVERSION = YES;
				CLANG_WARN_INFINITE_RECURSION = YES;
				CLANG_WARN_INT_CONVERSION = YES;
				CLANG_WARN_NON_LITERAL_NULL_CONVERSION = YES;
				CLANG_WARN_OBJC_IMPLICIT_RETAIN_SELF = YES;
				CLANG_WARN_OBJC_LITERAL_CONVERSION = YES;
				CLANG_WARN_OBJC_ROOT_CLASS = YES_ERROR;
				CLANG_WARN_RANGE_LOOP_ANALYSIS = YES;
				CLANG_WARN_STRICT_PROTOTYPES = YES;
				CLANG_WARN_SUSPICIOUS_MOVE = YES;
				CLANG_WARN_UNGUARDED_AVAILABILITY = YES_AGGRESSIVE;
				CLANG_WARN_UNREACHABLE_CODE = YES;
				CLANG_WARN__DUPLICATE_METHOD_MATCH = YES;
				CODE_SIGN_IDENTITY = "iPhone Developer";
				COPY_PHASE_STRIP = NO;
				CURRENT_PROJECT_VERSION = 1;
				DEBUG_INFORMATION_FORMAT = "dwarf-with-dsym";
				ENABLE_NS_ASSERTIONS = NO;
				ENABLE_STRICT_OBJC_MSGSEND = YES;
				GCC_C_LANGUAGE_STANDARD = gnu11;
				GCC_NO_COMMON_BLOCKS = YES;
				GCC_WARN_64_TO_32_BIT_CONVERSION = YES;
				GCC_WARN_ABOUT_RETURN_TYPE = YES_ERROR;
				GCC_WARN_UNDECLARED_SELECTOR = YES;
				GCC_WARN_UNINITIALIZED_AUTOS = YES_AGGRESSIVE;
				GCC_WARN_UNUSED_FUNCTION = YES;
				GCC_WARN_UNUSED_VARIABLE = YES;
				IPHONEOS_DEPLOYMENT_TARGET = 12.2;
				MTL_ENABLE_DEBUG_INFO = NO;
				MTL_FAST_MATH = YES;
				SDKROOT = iphoneos;
				VALIDATE_PRODUCT = YES;
				VERSIONING_SYSTEM = "apple-generic";
				VERSION_INFO_PREFIX = "";
			};
			name = Release;
		};
		488FB5492265BD9100CF570C /* Debug */ = {
			isa = XCBuildConfiguration;
			baseConfigurationReference = 47E2110057908DAE2895DD30 /* Pods-MSTRnLoader.debug.xcconfig */;
			buildSettings = {
				CLANG_ALLOW_NON_MODULAR_INCLUDES_IN_FRAMEWORK_MODULES = NO;
				CODE_SIGN_IDENTITY = "iPhone Developer";
				CODE_SIGN_STYLE = Automatic;
				DEFINES_MODULE = YES;
				DEVELOPMENT_TEAM = KJ4FWJLGUU;
				DYLIB_COMPATIBILITY_VERSION = 1;
				DYLIB_CURRENT_VERSION = 1;
				DYLIB_INSTALL_NAME_BASE = "@rpath";
				INFOPLIST_FILE = "$(SRCROOT)/Sources/Info.plist";
				INSTALL_PATH = "$(LOCAL_LIBRARY_DIR)/Frameworks";
				IPHONEOS_DEPLOYMENT_TARGET = 9.0;
				LD_RUNPATH_SEARCH_PATHS = (
					"$(inherited)",
					"@executable_path/Frameworks",
					"@loader_path/Frameworks",
				);
				OTHER_CFLAGS = "$(inherited)";
				PRODUCT_BUNDLE_IDENTIFIER = work.MSTRnLoader;
				PRODUCT_NAME = "$(TARGET_NAME:c99extidentifier)";
				PROVISIONING_PROFILE_SPECIFIER = "";
				SKIP_INSTALL = YES;
				TARGETED_DEVICE_FAMILY = "1,2";
			};
			name = Debug;
		};
		488FB54A2265BD9100CF570C /* Release */ = {
			isa = XCBuildConfiguration;
			baseConfigurationReference = EC8204AF7303DE81FBDA7C29 /* Pods-MSTRnLoader.release.xcconfig */;
			buildSettings = {
				CLANG_ALLOW_NON_MODULAR_INCLUDES_IN_FRAMEWORK_MODULES = NO;
				CODE_SIGN_IDENTITY = "iPhone Developer";
				CODE_SIGN_STYLE = Automatic;
				DEFINES_MODULE = YES;
				DEVELOPMENT_TEAM = KJ4FWJLGUU;
				DYLIB_COMPATIBILITY_VERSION = 1;
				DYLIB_CURRENT_VERSION = 1;
				DYLIB_INSTALL_NAME_BASE = "@rpath";
				INFOPLIST_FILE = "$(SRCROOT)/Sources/Info.plist";
				INSTALL_PATH = "$(LOCAL_LIBRARY_DIR)/Frameworks";
				IPHONEOS_DEPLOYMENT_TARGET = 9.0;
				LD_RUNPATH_SEARCH_PATHS = (
					"$(inherited)",
					"@executable_path/Frameworks",
					"@loader_path/Frameworks",
				);
				OTHER_CFLAGS = "$(inherited)";
				PRODUCT_BUNDLE_IDENTIFIER = work.MSTRnLoader;
				PRODUCT_NAME = "$(TARGET_NAME:c99extidentifier)";
				PROVISIONING_PROFILE_SPECIFIER = "";
				SKIP_INSTALL = YES;
				TARGETED_DEVICE_FAMILY = "1,2";
			};
			name = Release;
		};
		488FB5632265BDF600CF570C /* Debug */ = {
			isa = XCBuildConfiguration;
			baseConfigurationReference = AA882D64B1A21299528CAFCD /* Pods-MSTRnLoader iOS Example.debug.xcconfig */;
			buildSettings = {
				ASSETCATALOG_COMPILER_APPICON_NAME = AppIcon;
				CLANG_ALLOW_NON_MODULAR_INCLUDES_IN_FRAMEWORK_MODULES = NO;
				CODE_SIGN_STYLE = Automatic;
				DEVELOPMENT_TEAM = KJ4FWJLGUU;
				INFOPLIST_FILE = "MSTRnLoader iOS Example/Info.plist";
				IPHONEOS_DEPLOYMENT_TARGET = 9.0;
				LD_RUNPATH_SEARCH_PATHS = (
					"$(inherited)",
					"@executable_path/Frameworks",
				);
				PRODUCT_BUNDLE_IDENTIFIER = "work.MSTRnLoader-iOS-Example";
				PRODUCT_NAME = "$(TARGET_NAME)";
				TARGETED_DEVICE_FAMILY = "1,2";
			};
			name = Debug;
		};
		488FB5642265BDF600CF570C /* Release */ = {
			isa = XCBuildConfiguration;
			baseConfigurationReference = FC46E70C71F6C103492F32DE /* Pods-MSTRnLoader iOS Example.release.xcconfig */;
			buildSettings = {
				ASSETCATALOG_COMPILER_APPICON_NAME = AppIcon;
				CLANG_ALLOW_NON_MODULAR_INCLUDES_IN_FRAMEWORK_MODULES = NO;
				CODE_SIGN_STYLE = Automatic;
				DEVELOPMENT_TEAM = KJ4FWJLGUU;
				INFOPLIST_FILE = "MSTRnLoader iOS Example/Info.plist";
				IPHONEOS_DEPLOYMENT_TARGET = 9.0;
				LD_RUNPATH_SEARCH_PATHS = (
					"$(inherited)",
					"@executable_path/Frameworks",
				);
				PRODUCT_BUNDLE_IDENTIFIER = "work.MSTRnLoader-iOS-Example";
				PRODUCT_NAME = "$(TARGET_NAME)";
				TARGETED_DEVICE_FAMILY = "1,2";
			};
			name = Release;
		};
/* End XCBuildConfiguration section */

/* Begin XCConfigurationList section */
		488FB53A2265BD9100CF570C /* Build configuration list for PBXProject "MSTRnLoader" */ = {
			isa = XCConfigurationList;
			buildConfigurations = (
				488FB5462265BD9100CF570C /* Debug */,
				488FB5472265BD9100CF570C /* Release */,
			);
			defaultConfigurationIsVisible = 0;
			defaultConfigurationName = Release;
		};
		488FB5482265BD9100CF570C /* Build configuration list for PBXNativeTarget "MSTRnLoader" */ = {
			isa = XCConfigurationList;
			buildConfigurations = (
				488FB5492265BD9100CF570C /* Debug */,
				488FB54A2265BD9100CF570C /* Release */,
			);
			defaultConfigurationIsVisible = 0;
			defaultConfigurationName = Release;
		};
		488FB5622265BDF600CF570C /* Build configuration list for PBXNativeTarget "MSTRnLoader iOS Example" */ = {
			isa = XCConfigurationList;
			buildConfigurations = (
				488FB5632265BDF600CF570C /* Debug */,
				488FB5642265BDF600CF570C /* Release */,
			);
			defaultConfigurationIsVisible = 0;
			defaultConfigurationName = Release;
		};
/* End XCConfigurationList section */

/* Begin XCVersionGroup section */
		48512E7A22670A6F003C0CAF /* Model.xcdatamodeld */ = {
			isa = XCVersionGroup;
			children = (
				48512E7B22670A6F003C0CAF /* Model.xcdatamodel */,
			);
			currentVersion = 48512E7B22670A6F003C0CAF /* Model.xcdatamodel */;
			path = Model.xcdatamodeld;
			sourceTree = "<group>";
			versionGroupType = wrapper.xcdatamodel;
		};
/* End XCVersionGroup section */
	};
	rootObject = 488FB5372265BD9100CF570C /* Project object */;
}
